
Microsoft Visual Studio Solution File, Format Version 12.00
# Visual Studio Version 16
VisualStudioVersion = 16.0.28803.202
MinimumVisualStudioVersion = 10.0.40219.1
Project("{FAE04EC0-301F-11D3-BF4B-00C04F79EFBC}") = "Lab6 Yukhta Maksym Variant 4", "Lab6 Yukhta Maksym Variant 4\Lab6 Yukhta Maksym Variant 4.csproj", "{8DBDBDF1-5C22-4CC4-8E3B-15519D53F253}"
EndProject
Global
	GlobalSection(SolutionConfigurationPlatforms) = preSolution
		Debug|Any CPU = Debug|Any CPU
		Release|Any CPU = Release|Any CPU
	EndGlobalSection
	GlobalSection(ProjectConfigurationPlatforms) = postSolution
		{8DBDBDF1-5C22-4CC4-8E3B-15519D53F253}.Debug|Any CPU.ActiveCfg = Debug|Any CPU
		{8DBDBDF1-5C22-4CC4-8E3B-15519D53F253}.Debug|Any CPU.Build.0 = Debug|Any CPU
		{8DBDBDF1-5C22-4CC4-8E3B-15519D53F253}.Release|Any CPU.ActiveCfg = Release|Any CPU
		{8DBDBDF1-5C22-4CC4-8E3B-15519D53F253}.Release|Any CPU.Build.0 = Release|Any CPU
	EndGlobalSection
	GlobalSection(SolutionProperties) = preSolution
		HideSolutionNode = FALSE
	EndGlobalSection
	GlobalSection(ExtensibilityGlobals) = postSolution
		SolutionGuid = {91885044-7B85-41B9-BF7A-9D22662AA27D}
	EndGlobalSection
EndGlobal
