
Microsoft Visual Studio Solution File, Format Version 12.00
# Visual Studio Version 16
VisualStudioVersion = 16.0.28803.202
MinimumVisualStudioVersion = 10.0.40219.1
Project("{FAE04EC0-301F-11D3-BF4B-00C04F79EFBC}") = "Lab 5 Yukhta Maksym", "Lab 5 Yukhta Maksym\Lab 5 Yukhta Maksym.csproj", "{42D734F3-EFF6-40F9-98D7-4FED20F89637}"
EndProject
Global
	GlobalSection(SolutionConfigurationPlatforms) = preSolution
		Debug|Any CPU = Debug|Any CPU
		Release|Any CPU = Release|Any CPU
	EndGlobalSection
	GlobalSection(ProjectConfigurationPlatforms) = postSolution
		{42D734F3-EFF6-40F9-98D7-4FED20F89637}.Debug|Any CPU.ActiveCfg = Debug|Any CPU
		{42D734F3-EFF6-40F9-98D7-4FED20F89637}.Debug|Any CPU.Build.0 = Debug|Any CPU
		{42D734F3-EFF6-40F9-98D7-4FED20F89637}.Release|Any CPU.ActiveCfg = Release|Any CPU
		{42D734F3-EFF6-40F9-98D7-4FED20F89637}.Release|Any CPU.Build.0 = Release|Any CPU
	EndGlobalSection
	GlobalSection(SolutionProperties) = preSolution
		HideSolutionNode = FALSE
	EndGlobalSection
	GlobalSection(ExtensibilityGlobals) = postSolution
		SolutionGuid = {4CE52804-28CF-45AF-9BD1-0327028CFC6E}
	EndGlobalSection
EndGlobal
