
Microsoft Visual Studio Solution File, Format Version 12.00
# Visual Studio Version 16
VisualStudioVersion = 16.0.28803.202
MinimumVisualStudioVersion = 10.0.40219.1
Project("{FAE04EC0-301F-11D3-BF4B-00C04F79EFBC}") = "Lab7 Yukhta Maksym Variant 4", "Lab7 Yukhta Maksym Variant 4\Lab7 Yukhta Maksym Variant 4.csproj", "{2EB3DAC7-7BFA-4A19-A63E-33FB7D14A9BB}"
EndProject
Global
	GlobalSection(SolutionConfigurationPlatforms) = preSolution
		Debug|Any CPU = Debug|Any CPU
		Release|Any CPU = Release|Any CPU
	EndGlobalSection
	GlobalSection(ProjectConfigurationPlatforms) = postSolution
		{2EB3DAC7-7BFA-4A19-A63E-33FB7D14A9BB}.Debug|Any CPU.ActiveCfg = Debug|Any CPU
		{2EB3DAC7-7BFA-4A19-A63E-33FB7D14A9BB}.Debug|Any CPU.Build.0 = Debug|Any CPU
		{2EB3DAC7-7BFA-4A19-A63E-33FB7D14A9BB}.Release|Any CPU.ActiveCfg = Release|Any CPU
		{2EB3DAC7-7BFA-4A19-A63E-33FB7D14A9BB}.Release|Any CPU.Build.0 = Release|Any CPU
	EndGlobalSection
	GlobalSection(SolutionProperties) = preSolution
		HideSolutionNode = FALSE
	EndGlobalSection
	GlobalSection(ExtensibilityGlobals) = postSolution
		SolutionGuid = {9D142296-9851-41E7-AC69-588D182F4245}
	EndGlobalSection
EndGlobal
