
Microsoft Visual Studio Solution File, Format Version 12.00
# Visual Studio Version 16
VisualStudioVersion = 16.0.28803.202
MinimumVisualStudioVersion = 10.0.40219.1
Project("{FAE04EC0-301F-11D3-BF4B-00C04F79EFBC}") = "Lab10 Yukhta Maksym", "Lab10 Yukhta Maksym\Lab10 Yukhta Maksym.csproj", "{09ED90A6-2984-4CB4-9130-81D5E8F2230A}"
EndProject
Global
	GlobalSection(SolutionConfigurationPlatforms) = preSolution
		Debug|Any CPU = Debug|Any CPU
		Release|Any CPU = Release|Any CPU
	EndGlobalSection
	GlobalSection(ProjectConfigurationPlatforms) = postSolution
		{09ED90A6-2984-4CB4-9130-81D5E8F2230A}.Debug|Any CPU.ActiveCfg = Debug|Any CPU
		{09ED90A6-2984-4CB4-9130-81D5E8F2230A}.Debug|Any CPU.Build.0 = Debug|Any CPU
		{09ED90A6-2984-4CB4-9130-81D5E8F2230A}.Release|Any CPU.ActiveCfg = Release|Any CPU
		{09ED90A6-2984-4CB4-9130-81D5E8F2230A}.Release|Any CPU.Build.0 = Release|Any CPU
	EndGlobalSection
	GlobalSection(SolutionProperties) = preSolution
		HideSolutionNode = FALSE
	EndGlobalSection
	GlobalSection(ExtensibilityGlobals) = postSolution
		SolutionGuid = {7B0EF8B2-E7FC-4DB2-9541-436D39067549}
	EndGlobalSection
EndGlobal
